
Microsoft Visual Studio Solution File, Format Version 12.00
# Visual Studio 15
VisualStudioVersion = 15.0.27130.2026
MinimumVisualStudioVersion = 10.0.40219.1
Project("{9A19103F-16F7-4668-BE54-9A1E7A4F7556}") = "RedStar.TddCourse", "RedStar.TddCourse\RedStar.TddCourse.csproj", "{50ECFC2E-72C9-4B20-86B9-3EC70776AB50}"
EndProject
Project("{9A19103F-16F7-4668-BE54-9A1E7A4F7556}") = "RedStar.TddCourse.Tests", "RedStar.TddCourse.Tests\RedStar.TddCourse.Tests.csproj", "{D92EED04-97EB-4B34-8126-364E8942A24B}"
EndProject
Project("{9A19103F-16F7-4668-BE54-9A1E7A4F7556}") = "RedStar.TddCourse.App", "RedStar.TddCourse.App\RedStar.TddCourse.App.csproj", "{FFACBFA9-B178-468A-96DA-C8108B84B62D}"
EndProject
Project("{9A19103F-16F7-4668-BE54-9A1E7A4F7556}") = "RedStar.TddCourse.Infrastructure", "RedStar.TddCourse.Infrastructure\RedStar.TddCourse.Infrastructure.csproj", "{EF41C97B-E006-4508-98C2-F7156F6ED3D5}"
EndProject
Project("{9A19103F-16F7-4668-BE54-9A1E7A4F7556}") = "RedStar.TddCourse.Naming", "RedStar.TddCourse.Naming\RedStar.TddCourse.Naming.csproj", "{574EBC53-DA55-461E-BB25-2E03D6D11F70}"
EndProject
Project("{9A19103F-16F7-4668-BE54-9A1E7A4F7556}") = "RedStar.TddCourse.TestInfrastructure", "RedStar.TddCourse.TestInfrastructure\RedStar.TddCourse.TestInfrastructure.csproj", "{D7BB83EB-54D4-4007-87E5-30F706011956}"
EndProject
Project("{FAE04EC0-301F-11D3-BF4B-00C04F79EFBC}") = "RedStar.TddCourse.Specs", "RedStar.TddCourse.Specs\RedStar.TddCourse.Specs.csproj", "{C601BEBE-0BA8-4B17-800A-9AADB22D0CFB}"
EndProject
Global
	GlobalSection(SolutionConfigurationPlatforms) = preSolution
		Debug|Any CPU = Debug|Any CPU
		Release|Any CPU = Release|Any CPU
	EndGlobalSection
	GlobalSection(ProjectConfigurationPlatforms) = postSolution
		{50ECFC2E-72C9-4B20-86B9-3EC70776AB50}.Debug|Any CPU.ActiveCfg = Debug|Any CPU
		{50ECFC2E-72C9-4B20-86B9-3EC70776AB50}.Debug|Any CPU.Build.0 = Debug|Any CPU
		{50ECFC2E-72C9-4B20-86B9-3EC70776AB50}.Release|Any CPU.ActiveCfg = Release|Any CPU
		{50ECFC2E-72C9-4B20-86B9-3EC70776AB50}.Release|Any CPU.Build.0 = Release|Any CPU
		{D92EED04-97EB-4B34-8126-364E8942A24B}.Debug|Any CPU.ActiveCfg = Debug|Any CPU
		{D92EED04-97EB-4B34-8126-364E8942A24B}.Debug|Any CPU.Build.0 = Debug|Any CPU
		{D92EED04-97EB-4B34-8126-364E8942A24B}.Release|Any CPU.ActiveCfg = Release|Any CPU
		{D92EED04-97EB-4B34-8126-364E8942A24B}.Release|Any CPU.Build.0 = Release|Any CPU
		{FFACBFA9-B178-468A-96DA-C8108B84B62D}.Debug|Any CPU.ActiveCfg = Debug|Any CPU
		{FFACBFA9-B178-468A-96DA-C8108B84B62D}.Debug|Any CPU.Build.0 = Debug|Any CPU
		{FFACBFA9-B178-468A-96DA-C8108B84B62D}.Release|Any CPU.ActiveCfg = Release|Any CPU
		{FFACBFA9-B178-468A-96DA-C8108B84B62D}.Release|Any CPU.Build.0 = Release|Any CPU
		{EF41C97B-E006-4508-98C2-F7156F6ED3D5}.Debug|Any CPU.ActiveCfg = Debug|Any CPU
		{EF41C97B-E006-4508-98C2-F7156F6ED3D5}.Debug|Any CPU.Build.0 = Debug|Any CPU
		{EF41C97B-E006-4508-98C2-F7156F6ED3D5}.Release|Any CPU.ActiveCfg = Release|Any CPU
		{EF41C97B-E006-4508-98C2-F7156F6ED3D5}.Release|Any CPU.Build.0 = Release|Any CPU
		{574EBC53-DA55-461E-BB25-2E03D6D11F70}.Debug|Any CPU.ActiveCfg = Debug|Any CPU
		{574EBC53-DA55-461E-BB25-2E03D6D11F70}.Debug|Any CPU.Build.0 = Debug|Any CPU
		{574EBC53-DA55-461E-BB25-2E03D6D11F70}.Release|Any CPU.ActiveCfg = Release|Any CPU
		{574EBC53-DA55-461E-BB25-2E03D6D11F70}.Release|Any CPU.Build.0 = Release|Any CPU
		{D7BB83EB-54D4-4007-87E5-30F706011956}.Debug|Any CPU.ActiveCfg = Debug|Any CPU
		{D7BB83EB-54D4-4007-87E5-30F706011956}.Debug|Any CPU.Build.0 = Debug|Any CPU
		{D7BB83EB-54D4-4007-87E5-30F706011956}.Release|Any CPU.ActiveCfg = Release|Any CPU
		{D7BB83EB-54D4-4007-87E5-30F706011956}.Release|Any CPU.Build.0 = Release|Any CPU
		{C601BEBE-0BA8-4B17-800A-9AADB22D0CFB}.Debug|Any CPU.ActiveCfg = Debug|Any CPU
		{C601BEBE-0BA8-4B17-800A-9AADB22D0CFB}.Debug|Any CPU.Build.0 = Debug|Any CPU
		{C601BEBE-0BA8-4B17-800A-9AADB22D0CFB}.Release|Any CPU.ActiveCfg = Release|Any CPU
		{C601BEBE-0BA8-4B17-800A-9AADB22D0CFB}.Release|Any CPU.Build.0 = Release|Any CPU
	EndGlobalSection
	GlobalSection(SolutionProperties) = preSolution
		HideSolutionNode = FALSE
	EndGlobalSection
	GlobalSection(ExtensibilityGlobals) = postSolution
		SolutionGuid = {0C9940CA-A39E-4CD0-A4C6-F4B6C81C1EEA}
	EndGlobalSection
EndGlobal
